dependencies:
- name: authentik
  repository: https://charts.goauthentik.io
  version: 2025.10.0
- name: authentik-webfinger-proxy
  repository: oci://ghcr.io/sudo-kraken/helm-charts
  version: 0.1.2
digest: sha256:266b02b1af40292f0277ec1ca2ea2b97c600e20f191ae8a88f78f4b850c709d7
generated: "2025-11-11T01:34:10.005728+05:00"
